
Microsoft Visual Studio Solution File, Format Version 12.00
# Visual Studio Version 17
VisualStudioVersion = 17.3.32901.215
MinimumVisualStudioVersion = 10.0.40219.1
Project("{FAE04EC0-301F-11D3-BF4B-00C04F79EFBC}") = "Task_1_2_2", "K28_Tsymbal_HW3\Task_1_2_2.csproj", "{06ED1093-0CFA-4124-8A8C-24DC80F8C317}"
EndProject
Project("{FAE04EC0-301F-11D3-BF4B-00C04F79EFBC}") = "Task_1_2_3", "Task_1_2_3\Task_1_2_3.csproj", "{A48494E9-9C00-4737-8466-4204575BF3C1}"
EndProject
Project("{FAE04EC0-301F-11D3-BF4B-00C04F79EFBC}") = "Task_2_2", "Task_2_2\Task_2_2.csproj", "{9CECC454-AD8A-4388-95BB-0DEF391DF268}"
EndProject
Global
	GlobalSection(SolutionConfigurationPlatforms) = preSolution
		Debug|Any CPU = Debug|Any CPU
		Release|Any CPU = Release|Any CPU
	EndGlobalSection
	GlobalSection(ProjectConfigurationPlatforms) = postSolution
		{06ED1093-0CFA-4124-8A8C-24DC80F8C317}.Debug|Any CPU.ActiveCfg = Debug|Any CPU
		{06ED1093-0CFA-4124-8A8C-24DC80F8C317}.Debug|Any CPU.Build.0 = Debug|Any CPU
		{06ED1093-0CFA-4124-8A8C-24DC80F8C317}.Release|Any CPU.ActiveCfg = Release|Any CPU
		{06ED1093-0CFA-4124-8A8C-24DC80F8C317}.Release|Any CPU.Build.0 = Release|Any CPU
		{A48494E9-9C00-4737-8466-4204575BF3C1}.Debug|Any CPU.ActiveCfg = Debug|Any CPU
		{A48494E9-9C00-4737-8466-4204575BF3C1}.Debug|Any CPU.Build.0 = Debug|Any CPU
		{A48494E9-9C00-4737-8466-4204575BF3C1}.Release|Any CPU.ActiveCfg = Release|Any CPU
		{A48494E9-9C00-4737-8466-4204575BF3C1}.Release|Any CPU.Build.0 = Release|Any CPU
		{9CECC454-AD8A-4388-95BB-0DEF391DF268}.Debug|Any CPU.ActiveCfg = Debug|Any CPU
		{9CECC454-AD8A-4388-95BB-0DEF391DF268}.Debug|Any CPU.Build.0 = Debug|Any CPU
		{9CECC454-AD8A-4388-95BB-0DEF391DF268}.Release|Any CPU.ActiveCfg = Release|Any CPU
		{9CECC454-AD8A-4388-95BB-0DEF391DF268}.Release|Any CPU.Build.0 = Release|Any CPU
	EndGlobalSection
	GlobalSection(SolutionProperties) = preSolution
		HideSolutionNode = FALSE
	EndGlobalSection
	GlobalSection(ExtensibilityGlobals) = postSolution
		SolutionGuid = {0A0F9893-653F-4456-AE0F-9D84A823BD51}
	EndGlobalSection
EndGlobal
